github.com/alecthomas/participle v0.2.1 h1:4AVLj1viSGa4LG5HDXKXrm5xRx19SB/rS/skPQB1Grw=
github.com/alecthomas/participle v0.2.1/go.mod h1:SW6HZGeZgSIpcUWX3fXpfZhuaWHnmoD5KCVaqSaNTkk=
github.com/asaskevich/EventBus v0.0.0-20180315140547-d46933a94f05 h1:Shem5lRG4gJyrrg9YMIl7dOQazyWCq0Daz4LjompZ28=
github.com/asaskevich/EventBus v0.0.0-20180315140547-d46933a94f05/go.mod h1:JS7hed4L1fj0hXcyEejnW57/7LCetXggd+vwrRnYeII=
github.com/cenkalti/backoff v2.1.1+incompatible h1:tKJnvO2kl0zmb/jA5UKAt4VoEVw1qxKWjE/Bpp46npY=
github.com/cenkalti/backoff v2.1.1+incompatible/go.mod h1:90ReRw6GdpyfrHakVjL/QHaoyV4aDUVVkXQJJJ3NXXM=
github.com/davecgh/go-spew v1.1.1/go.mod h1:J7Y8YcW2NihsgmVo/mv3lAwl/skON4iLHjSsI+c5H38=
github.com/dghubble/go-twitter v0.0.0-20190305084156-0022a70e9bee h1:JHhBwyGPghkevFUMUsy5YGynUKUB9I7qrD5ppS/B9qM=
github.com/dghubble/go-twitter v0.0.0-20190305084156-0022a70e9bee/go.mod h1:6beqTZaXeBPti9pDBcBEqxfJc7uCbSafqZPRDPQOKoM=
github.com/dghubble/oauth1 v0.5.0 h1:uJqX7Rzr3QRmp2slUWqI9Sm8NoP65AMiyXiijOWWLvQ=
github.com/dghubble/oauth1 v0.5.0/go.mod h1:8V8BMV9DJRREZx/lUaHtrs7GUMXpzbMqJxINCasxYug=
github.com/dghubble/sling v1.2.0 h1:PYGS9ofwbV9nfhB1kYjB1vtXshMxlp2oQxTMMXVJ5pE=
github.com/dghubble/sling v1.2.0/go.mod h1:ZcPRuLm0qrcULW2gOrjXrAWgf76sahqSyxXyVOvkunE=
github.com/evilsocket/islazy v1.10.4 h1:Z5373Kn5Gh2EWch1Tb/Qxb6vyQ7lw704bmKi7sY4Ecs=
github.com/evilsocket/islazy v1.10.4/go.mod h1:OrwQGYg3DuZvXUfmH+KIZDjwTCbrjy48T24TUpGqVVw=
github.com/evilsocket/islazy v1.10.6 h1:MFq000a1ByoumoJWlytqg0qon0KlBeUfPsDjY0hK0bo=
github.com/evilsocket/islazy v1.10.6/go.mod h1:OrwQGYg3DuZvXUfmH+KIZDjwTCbrjy48T24TUpGqVVw=
github.com/fsnotify/fsnotify v1.4.7/go.mod h1:jwhsz4b93w/PPRr/qN1Yymfu8t87LnFCMoQvtojpjFo=
github.com/google/go-querystring v1.0.0 h1:Xkwi/a1rcvNg1PPYe5vI8GbeBY/jrVuDX5ASuANWTrk=
github.com/google/go-querystring v1.0.0/go.mod h1:odCYkC5MyYFN7vkCjXpyrEuKhc/BUO6wN/zVPAxq5ck=
github.com/hpcloud/tail v1.0.0 h1:nfCOvKYfkgYP8hkirhJocXT2+zOD8yUNjXaWfTlyFKI=
github.com/hpcloud/tail v1.0.0/go.mod h1:ab1qPbhIpdTxEkNHXyeSf5vhxWSCs/tWer42PpOxQnU=
github.com/pmezard/go-difflib v1.0.0/go.mod h1:iKH77koFhYxTK1pcRnkKkqfTogsbg7gZNVY4sRDYZ/4=
github.com/robertkrimen/otto v0.0.0-20191219234010-c382bd3c16ff h1:+6NUiITWwE5q1KO6SAfUX918c+Tab0+tGAM/mtdlUyA=
github.com/robertkrimen/otto v0.0.0-20191219234010-c382bd3c16ff/go.mod h1:xvqspoSXJTIpemEonrMDFq6XzwHYYgToXWj5eRX1OtY=
github.com/stretchr/testify v1.2.2/go.mod h1:a8OnRcib4nhh0OaRAV+Yts87kKdq0PP7pXfy6kDkUVs=
golang.org/x/sys v0.0.0-20190508100423-12bbe5a7a520 h1:5/ojcKo2vQ2eroPDFcBB9tuc4N42a5njs7UWP2jk3KU=
golang.org/x/sys v0.0.0-20190508100423-12bbe5a7a520/go.mod h1:h1NjWce9XRLGQEsW7wpKNCjG9DtNlClVuFLEZdDNbEs=
gopkg.in/fsnotify.v1 v1.4.7 h1:xOHLXZwVvI9hhs+cLKq5+I5onOuwQLhQwiu63xxlHs4=
gopkg.in/fsnotify.v1 v1.4.7/go.mod h1:Tz8NjZHkW78fSQdbUxIjBTcgA1z1m8ZHf0WmKUhAMys=
gopkg.in/sourcemap.v1 v1.0.5 h1:inv58fC9f9J3TK2Y2R1NPntXEn3/wjWHkonhIUODNTI=
gopkg.in/sourcemap.v1 v1.0.5/go.mod h1:2RlvNNSMglmRrcvhfuzp4hQHwOtjxlbjX7UPY/GXb78=
gopkg.in/tomb.v1 v1.0.0-20141024135613-dd632973f1e7 h1:uRGJdciOHaEIrze2W8Q3AKkepLTh2hOroT7a+7czfdQ=
gopkg.in/tomb.v1 v1.0.0-20141024135613-dd632973f1e7/go.mod h1:dt/ZhP58zS4L8KSrWDmTeBkI65Dw0HsyUHuEVlX15mw=
