# This file is autogenerated, do not edit; changes may be undone by the next 'dep ensure'.


[[projects]]
  branch = "master"
  digest = "1:368abc9f8b4a0c0b81cece07731d9321ed2e5e0d795c13ac2f859a3a14c2cf3e"
  name = "github.com/Matrix86/ProjectFilter"
  packages = [
    "com",
    "feeder",
    "filter",
  ]
  pruneopts = "UT"
  revision = "9b3c1839d135492ca2c5f8a5dbc89c51c800522e"

[[projects]]
  digest = "1:bcefcf763fa7290658a39a361619db4e8bb88004474074df85a74c5d2f1433d6"
  name = "github.com/alecthomas/participle"
  packages = [
    ".",
    "lexer",
  ]
  pruneopts = "UT"
  revision = "98cb121381c371cf1542c7ae145e485d703aec0b"
  version = "v0.2.1"

[[projects]]
  digest = "1:166438587ed45ac211dab8a3ecebf4fa0c186d0db63430fb9127bbc2e5fcdc67"
  name = "github.com/cenkalti/backoff"
  packages = ["."]
  pruneopts = "UT"
  revision = "1e4cf3da559842a91afcb6ea6141451e6c30c618"
  version = "v2.1.1"

[[projects]]
  branch = "master"
  digest = "1:b051e524e209fba795cb073d79b2c418690fefb41a30ab9727882329744da24c"
  name = "github.com/dghubble/go-twitter"
  packages = ["twitter"]
  pruneopts = "UT"
  revision = "0022a70e9bee80163be82fdd74ac1d92bdebaf57"

[[projects]]
  digest = "1:f3cacf5fd0e718de3f43af615e84372b318f61889140f6854f98b05894001d99"
  name = "github.com/dghubble/oauth1"
  packages = ["."]
  pruneopts = "UT"
  revision = "f0fe2bff8fbf301b33359ca431e4afc90390aab0"
  version = "v0.5.0"

[[projects]]
  digest = "1:fba61d8584058169c5bd4625196f33077ba937f7131625d4440686c5e4cff380"
  name = "github.com/dghubble/sling"
  packages = ["."]
  pruneopts = "UT"
  revision = "e2624bf29a7de45ab0802b09aea94ca0a7815c5f"
  version = "v1.2.0"

[[projects]]
  digest = "1:75bdf532352996446b382c3f8005d8e13f3773c5837d55238d42f2ff625ec271"
  name = "github.com/evilsocket/islazy"
  packages = [
    "fs",
    "log",
    "tui",
  ]
  pruneopts = "UT"
  revision = "c5c7a41bb1c20e6df409825ed24af8de5fb7fb70"
  version = "v1.10.4"

[[projects]]
  digest = "1:a63cff6b5d8b95638bfe300385d93b2a6d9d687734b863da8e09dc834510a690"
  name = "github.com/google/go-querystring"
  packages = ["query"]
  pruneopts = "UT"
  revision = "44c6ddd0a2342c386950e880b658017258da92fc"
  version = "v1.0.0"

[[projects]]
  digest = "1:a1038ef593beb4771c8f0f9c26e8b00410acd800af5c6864651d9bf160ea1813"
  name = "github.com/hpcloud/tail"
  packages = [
    ".",
    "ratelimiter",
    "util",
    "watch",
    "winfile",
  ]
  pruneopts = "UT"
  revision = "a30252cb686a21eb2d0b98132633053ec2f7f1e5"
  version = "v1.0.0"

[[projects]]
  branch = "master"
  digest = "1:f42e547cbcaa2cf6548b0bb27a350f75db23340d062877fb534c06eb57934e8c"
  name = "golang.org/x/sys"
  packages = ["unix"]
  pruneopts = "UT"
  revision = "12bbe5a7a5209180b72cc7e3ed9da40442fe3246"

[[projects]]
  digest = "1:abeb38ade3f32a92943e5be54f55ed6d6e3b6602761d74b4aab4c9dd45c18abd"
  name = "gopkg.in/fsnotify.v1"
  packages = ["."]
  pruneopts = "UT"
  revision = "c2828203cd70a50dcccfb2761f8b1f8ceef9a8e9"
  source = "https://github.com/fsnotify/fsnotify.git"
  version = "v1.4.7"

[[projects]]
  branch = "v1"
  digest = "1:0caa92e17bc0b65a98c63e5bc76a9e844cd5e56493f8fdbb28fad101a16254d9"
  name = "gopkg.in/tomb.v1"
  packages = ["."]
  pruneopts = "UT"
  revision = "dd632973f1e7218eb1089048e0798ec9ae7dceb8"

[solve-meta]
  analyzer-name = "dep"
  analyzer-version = 1
  input-imports = [
    "github.com/Matrix86/ProjectFilter/com",
    "github.com/Matrix86/ProjectFilter/feeder",
    "github.com/Matrix86/ProjectFilter/filter",
    "github.com/alecthomas/participle",
    "github.com/alecthomas/participle/lexer",
    "github.com/dghubble/go-twitter/twitter",
    "github.com/dghubble/oauth1",
    "github.com/evilsocket/islazy/fs",
    "github.com/evilsocket/islazy/log",
    "github.com/hpcloud/tail",
  ]
  solver-name = "gps-cdcl"
  solver-version = 1
