github.com/bep/empty-hugo-module v1.0.0/go.mod h1:whohinbSjMoFi/Skivj9kvdPs1tEgzYpZ4rXoQk/0/I=
github.com/jquery/jquery-dist v0.0.0-20190501211928-15bc73803f76/go.mod h1:/lTfttEqFU0GWTaOOMIeNTzLGQ7yTIgyzjtkS/pYIoc=
github.com/jquery/jquery-dist v0.0.0-20200504225046-4c0e4becb826 h1:JO+IS20NQ+R4nFQT4doRfL3hE75WJK/+XZbpSlBW92Y=
github.com/jquery/jquery-dist v0.0.0-20200504225046-4c0e4becb826/go.mod h1:/lTfttEqFU0GWTaOOMIeNTzLGQ7yTIgyzjtkS/pYIoc=
github.com/olivernn/lunr.js v2.3.8+incompatible/go.mod h1:yEkQ1DUSMtNsn8n2CqvQXZd0ErWPEG8g9QRmblR+KS8=
github.com/olivernn/lunr.js v2.3.9+incompatible h1:eH8iBnjlR4mwlYDdNuqy9PCNLjp2bEs6aoNnTSaccx0=
github.com/olivernn/lunr.js v2.3.9+incompatible/go.mod h1:yEkQ1DUSMtNsn8n2CqvQXZd0ErWPEG8g9QRmblR+KS8=
github.com/slatedocs/slate v2.3.1+incompatible/go.mod h1:n698aXLkExWIlF7prJey0Kq6wlKIKvj/stVb5oouZDM=
github.com/slatedocs/slate v2.7.1+incompatible h1:U0wXBtrCSJq8PAePS4Gxf6yLdXsYRMXEHpaZ6Is4fTg=
github.com/slatedocs/slate v2.7.1+incompatible/go.mod h1:n698aXLkExWIlF7prJey0Kq6wlKIKvj/stVb5oouZDM=
